
Microsoft Visual Studio Solution File, Format Version 12.00
# Visual Studio Version 17
VisualStudioVersion = 17.11.35303.130
MinimumVisualStudioVersion = 10.0.40219.1
Project("{FAE04EC0-301F-11D3-BF4B-00C04F79EFBC}") = "VaishnaviPortfolio", "VaishnaviPortfolio.csproj", "{F43686C5-AD12-4BDB-BABB-6B8D566A6E21}"
EndProject
Global
	GlobalSection(SolutionConfigurationPlatforms) = preSolution
		Debug|Any CPU = Debug|Any CPU
		Release|Any CPU = Release|Any CPU
	EndGlobalSection
	GlobalSection(ProjectConfigurationPlatforms) = postSolution
		{F43686C5-AD12-4BDB-BABB-6B8D566A6E21}.Debug|Any CPU.ActiveCfg = Debug|Any CPU
		{F43686C5-AD12-4BDB-BABB-6B8D566A6E21}.Debug|Any CPU.Build.0 = Debug|Any CPU
		{F43686C5-AD12-4BDB-BABB-6B8D566A6E21}.Release|Any CPU.ActiveCfg = Release|Any CPU
		{F43686C5-AD12-4BDB-BABB-6B8D566A6E21}.Release|Any CPU.Build.0 = Release|Any CPU
	EndGlobalSection
	GlobalSection(SolutionProperties) = preSolution
		HideSolutionNode = FALSE
	EndGlobalSection
	GlobalSection(ExtensibilityGlobals) = postSolution
		SolutionGuid = {C2DC7244-2C1F-4780-B167-3A9E1D5F9CFC}
	EndGlobalSection
EndGlobal
